
Microsoft Visual Studio Solution File, Format Version 12.00
# Visual Studio Version 17
VisualStudioVersion = 17.0.31903.59
MinimumVisualStudioVersion = 10.0.40219.1
Project("{2150E333-8FDC-42A3-9474-1A3956D46DE8}") = "src", "src", "{11111111-1111-1111-1111-111111111111}"
EndProject
Project("{2150E333-8FDC-42A3-9474-1A3956D46DE8}") = "tests", "tests", "{22222222-2222-2222-2222-222222222222}"
EndProject
Project("{FAE04EC0-301F-11D3-BF4B-00C04F79EFBC}") = "TicketingSystem.Domain", "src\TicketingSystem.Domain\TicketingSystem.Domain.csproj", "{F17E9788-F489-40B6-B501-93E816B8C7D7}"
EndProject
Project("{FAE04EC0-301F-11D3-BF4B-00C04F79EFBC}") = "TicketingSystem.Domain.Tests", "tests\TicketingSystem.Domain.Tests\TicketingSystem.Domain.Tests.csproj", "{29B6D653-B3DE-4402-BCC8-2DE534F6643D}"
EndProject
Project("{FAE04EC0-301F-11D3-BF4B-00C04F79EFBC}") = "TicketingSystem.Application", "src\TicketingSystem.Application\TicketingSystem.Application.csproj", "{5D719119-F5BC-41B8-8B81-2D9A91D7E6C5}"
EndProject
Project("{FAE04EC0-301F-11D3-BF4B-00C04F79EFBC}") = "TicketingSystem.Application.Tests", "tests\TicketingSystem.Application.Tests\TicketingSystem.Application.Tests.csproj", "{E39FA156-9A55-4F10-82F8-7FEBCB582C3B}"
EndProject
Project("{FAE04EC0-301F-11D3-BF4B-00C04F79EFBC}") = "TicketingSystem.Infrastructure", "src\TicketingSystem.Infrastructure\TicketingSystem.Infrastructure.csproj", "{1AD33622-55F3-44D5-BE62-4134A9FC5421}"
EndProject
Project("{FAE04EC0-301F-11D3-BF4B-00C04F79EFBC}") = "TicketingSystem.Infrastructure.Tests", "tests\TicketingSystem.Infrastructure.Tests\TicketingSystem.Infrastructure.Tests.csproj", "{76C0B337-566D-476A-8797-A9250B722D92}"
EndProject
Project("{FAE04EC0-301F-11D3-BF4B-00C04F79EFBC}") = "TicketingSystem.Api", "src\TicketingSystem.Api\TicketingSystem.Api.csproj", "{8F20180D-9887-40B8-B71B-6EA29BF0F7E7}"
EndProject
Project("{FAE04EC0-301F-11D3-BF4B-00C04F79EFBC}") = "TicketingSystem.Api.IntegrationTests", "tests\TicketingSystem.Api.IntegrationTests\TicketingSystem.Api.IntegrationTests.csproj", "{8C0C4CAA-8B22-4A9F-868C-97D75EAFA0C4}"
EndProject
Global
	GlobalSection(SolutionConfigurationPlatforms) = preSolution
		Debug|Any CPU = Debug|Any CPU
		Debug|x64 = Debug|x64
		Debug|x86 = Debug|x86
		Release|Any CPU = Release|Any CPU
		Release|x64 = Release|x64
		Release|x86 = Release|x86
	EndGlobalSection
	GlobalSection(ProjectConfigurationPlatforms) = postSolution
		{F17E9788-F489-40B6-B501-93E816B8C7D7}.Debug|Any CPU.ActiveCfg = Debug|Any CPU
		{F17E9788-F489-40B6-B501-93E816B8C7D7}.Debug|Any CPU.Build.0 = Debug|Any CPU
		{F17E9788-F489-40B6-B501-93E816B8C7D7}.Debug|x64.ActiveCfg = Debug|Any CPU
		{F17E9788-F489-40B6-B501-93E816B8C7D7}.Debug|x64.Build.0 = Debug|Any CPU
		{F17E9788-F489-40B6-B501-93E816B8C7D7}.Debug|x86.ActiveCfg = Debug|Any CPU
		{F17E9788-F489-40B6-B501-93E816B8C7D7}.Debug|x86.Build.0 = Debug|Any CPU
		{F17E9788-F489-40B6-B501-93E816B8C7D7}.Release|Any CPU.ActiveCfg = Release|Any CPU
		{F17E9788-F489-40B6-B501-93E816B8C7D7}.Release|Any CPU.Build.0 = Release|Any CPU
		{F17E9788-F489-40B6-B501-93E816B8C7D7}.Release|x64.ActiveCfg = Release|Any CPU
		{F17E9788-F489-40B6-B501-93E816B8C7D7}.Release|x64.Build.0 = Release|Any CPU
		{F17E9788-F489-40B6-B501-93E816B8C7D7}.Release|x86.ActiveCfg = Release|Any CPU
		{F17E9788-F489-40B6-B501-93E816B8C7D7}.Release|x86.Build.0 = Release|Any CPU
		{29B6D653-B3DE-4402-BCC8-2DE534F6643D}.Debug|Any CPU.ActiveCfg = Debug|Any CPU
		{29B6D653-B3DE-4402-BCC8-2DE534F6643D}.Debug|Any CPU.Build.0 = Debug|Any CPU
		{29B6D653-B3DE-4402-BCC8-2DE534F6643D}.Debug|x64.ActiveCfg = Debug|Any CPU
		{29B6D653-B3DE-4402-BCC8-2DE534F6643D}.Debug|x64.Build.0 = Debug|Any CPU
		{29B6D653-B3DE-4402-BCC8-2DE534F6643D}.Debug|x86.ActiveCfg = Debug|Any CPU
		{29B6D653-B3DE-4402-BCC8-2DE534F6643D}.Debug|x86.Build.0 = Debug|Any CPU
		{29B6D653-B3DE-4402-BCC8-2DE534F6643D}.Release|Any CPU.ActiveCfg = Release|Any CPU
		{29B6D653-B3DE-4402-BCC8-2DE534F6643D}.Release|Any CPU.Build.0 = Release|Any CPU
		{29B6D653-B3DE-4402-BCC8-2DE534F6643D}.Release|x64.ActiveCfg = Release|Any CPU
		{29B6D653-B3DE-4402-BCC8-2DE534F6643D}.Release|x64.Build.0 = Release|Any CPU
		{29B6D653-B3DE-4402-BCC8-2DE534F6643D}.Release|x86.ActiveCfg = Release|Any CPU
		{29B6D653-B3DE-4402-BCC8-2DE534F6643D}.Release|x86.Build.0 = Release|Any CPU
		{5D719119-F5BC-41B8-8B81-2D9A91D7E6C5}.Debug|Any CPU.ActiveCfg = Debug|Any CPU
		{5D719119-F5BC-41B8-8B81-2D9A91D7E6C5}.Debug|Any CPU.Build.0 = Debug|Any CPU
		{5D719119-F5BC-41B8-8B81-2D9A91D7E6C5}.Debug|x64.ActiveCfg = Debug|Any CPU
		{5D719119-F5BC-41B8-8B81-2D9A91D7E6C5}.Debug|x64.Build.0 = Debug|Any CPU
		{5D719119-F5BC-41B8-8B81-2D9A91D7E6C5}.Debug|x86.ActiveCfg = Debug|Any CPU
		{5D719119-F5BC-41B8-8B81-2D9A91D7E6C5}.Debug|x86.Build.0 = Debug|Any CPU
		{5D719119-F5BC-41B8-8B81-2D9A91D7E6C5}.Release|Any CPU.ActiveCfg = Release|Any CPU
		{5D719119-F5BC-41B8-8B81-2D9A91D7E6C5}.Release|Any CPU.Build.0 = Release|Any CPU
		{5D719119-F5BC-41B8-8B81-2D9A91D7E6C5}.Release|x64.ActiveCfg = Release|Any CPU
		{5D719119-F5BC-41B8-8B81-2D9A91D7E6C5}.Release|x64.Build.0 = Release|Any CPU
		{5D719119-F5BC-41B8-8B81-2D9A91D7E6C5}.Release|x86.ActiveCfg = Release|Any CPU
		{5D719119-F5BC-41B8-8B81-2D9A91D7E6C5}.Release|x86.Build.0 = Release|Any CPU
		{E39FA156-9A55-4F10-82F8-7FEBCB582C3B}.Debug|Any CPU.ActiveCfg = Debug|Any CPU
		{E39FA156-9A55-4F10-82F8-7FEBCB582C3B}.Debug|Any CPU.Build.0 = Debug|Any CPU
		{E39FA156-9A55-4F10-82F8-7FEBCB582C3B}.Debug|x64.ActiveCfg = Debug|Any CPU
		{E39FA156-9A55-4F10-82F8-7FEBCB582C3B}.Debug|x64.Build.0 = Debug|Any CPU
		{E39FA156-9A55-4F10-82F8-7FEBCB582C3B}.Debug|x86.ActiveCfg = Debug|Any CPU
		{E39FA156-9A55-4F10-82F8-7FEBCB582C3B}.Debug|x86.Build.0 = Debug|Any CPU
		{E39FA156-9A55-4F10-82F8-7FEBCB582C3B}.Release|Any CPU.ActiveCfg = Release|Any CPU
		{E39FA156-9A55-4F10-82F8-7FEBCB582C3B}.Release|Any CPU.Build.0 = Release|Any CPU
		{E39FA156-9A55-4F10-82F8-7FEBCB582C3B}.Release|x64.ActiveCfg = Release|Any CPU
		{E39FA156-9A55-4F10-82F8-7FEBCB582C3B}.Release|x64.Build.0 = Release|Any CPU
		{E39FA156-9A55-4F10-82F8-7FEBCB582C3B}.Release|x86.ActiveCfg = Release|Any CPU
		{E39FA156-9A55-4F10-82F8-7FEBCB582C3B}.Release|x86.Build.0 = Release|Any CPU
		{1AD33622-55F3-44D5-BE62-4134A9FC5421}.Debug|Any CPU.ActiveCfg = Debug|Any CPU
		{1AD33622-55F3-44D5-BE62-4134A9FC5421}.Debug|Any CPU.Build.0 = Debug|Any CPU
		{1AD33622-55F3-44D5-BE62-4134A9FC5421}.Debug|x64.ActiveCfg = Debug|Any CPU
		{1AD33622-55F3-44D5-BE62-4134A9FC5421}.Debug|x64.Build.0 = Debug|Any CPU
		{1AD33622-55F3-44D5-BE62-4134A9FC5421}.Debug|x86.ActiveCfg = Debug|Any CPU
		{1AD33622-55F3-44D5-BE62-4134A9FC5421}.Debug|x86.Build.0 = Debug|Any CPU
		{1AD33622-55F3-44D5-BE62-4134A9FC5421}.Release|Any CPU.ActiveCfg = Release|Any CPU
		{1AD33622-55F3-44D5-BE62-4134A9FC5421}.Release|Any CPU.Build.0 = Release|Any CPU
		{1AD33622-55F3-44D5-BE62-4134A9FC5421}.Release|x64.ActiveCfg = Release|Any CPU
		{1AD33622-55F3-44D5-BE62-4134A9FC5421}.Release|x64.Build.0 = Release|Any CPU
		{1AD33622-55F3-44D5-BE62-4134A9FC5421}.Release|x86.ActiveCfg = Release|Any CPU
		{1AD33622-55F3-44D5-BE62-4134A9FC5421}.Release|x86.Build.0 = Release|Any CPU
		{76C0B337-566D-476A-8797-A9250B722D92}.Debug|Any CPU.ActiveCfg = Debug|Any CPU
		{76C0B337-566D-476A-8797-A9250B722D92}.Debug|Any CPU.Build.0 = Debug|Any CPU
		{76C0B337-566D-476A-8797-A9250B722D92}.Debug|x64.ActiveCfg = Debug|Any CPU
		{76C0B337-566D-476A-8797-A9250B722D92}.Debug|x64.Build.0 = Debug|Any CPU
		{76C0B337-566D-476A-8797-A9250B722D92}.Debug|x86.ActiveCfg = Debug|Any CPU
		{76C0B337-566D-476A-8797-A9250B722D92}.Debug|x86.Build.0 = Debug|Any CPU
		{76C0B337-566D-476A-8797-A9250B722D92}.Release|Any CPU.ActiveCfg = Release|Any CPU
		{76C0B337-566D-476A-8797-A9250B722D92}.Release|Any CPU.Build.0 = Release|Any CPU
		{76C0B337-566D-476A-8797-A9250B722D92}.Release|x64.ActiveCfg = Release|Any CPU
		{76C0B337-566D-476A-8797-A9250B722D92}.Release|x64.Build.0 = Release|Any CPU
		{76C0B337-566D-476A-8797-A9250B722D92}.Release|x86.ActiveCfg = Release|Any CPU
		{76C0B337-566D-476A-8797-A9250B722D92}.Release|x86.Build.0 = Release|Any CPU
		{8F20180D-9887-40B8-B71B-6EA29BF0F7E7}.Debug|Any CPU.ActiveCfg = Debug|Any CPU
		{8F20180D-9887-40B8-B71B-6EA29BF0F7E7}.Debug|Any CPU.Build.0 = Debug|Any CPU
		{8F20180D-9887-40B8-B71B-6EA29BF0F7E7}.Debug|x64.ActiveCfg = Debug|Any CPU
		{8F20180D-9887-40B8-B71B-6EA29BF0F7E7}.Debug|x64.Build.0 = Debug|Any CPU
		{8F20180D-9887-40B8-B71B-6EA29BF0F7E7}.Debug|x86.ActiveCfg = Debug|Any CPU
		{8F20180D-9887-40B8-B71B-6EA29BF0F7E7}.Debug|x86.Build.0 = Debug|Any CPU
		{8F20180D-9887-40B8-B71B-6EA29BF0F7E7}.Release|Any CPU.ActiveCfg = Release|Any CPU
		{8F20180D-9887-40B8-B71B-6EA29BF0F7E7}.Release|Any CPU.Build.0 = Release|Any CPU
		{8F20180D-9887-40B8-B71B-6EA29BF0F7E7}.Release|x64.ActiveCfg = Release|Any CPU
		{8F20180D-9887-40B8-B71B-6EA29BF0F7E7}.Release|x64.Build.0 = Release|Any CPU
		{8F20180D-9887-40B8-B71B-6EA29BF0F7E7}.Release|x86.ActiveCfg = Release|Any CPU
		{8F20180D-9887-40B8-B71B-6EA29BF0F7E7}.Release|x86.Build.0 = Release|Any CPU
		{8C0C4CAA-8B22-4A9F-868C-97D75EAFA0C4}.Debug|Any CPU.ActiveCfg = Debug|Any CPU
		{8C0C4CAA-8B22-4A9F-868C-97D75EAFA0C4}.Debug|Any CPU.Build.0 = Debug|Any CPU
		{8C0C4CAA-8B22-4A9F-868C-97D75EAFA0C4}.Debug|x64.ActiveCfg = Debug|Any CPU
		{8C0C4CAA-8B22-4A9F-868C-97D75EAFA0C4}.Debug|x64.Build.0 = Debug|Any CPU
		{8C0C4CAA-8B22-4A9F-868C-97D75EAFA0C4}.Debug|x86.ActiveCfg = Debug|Any CPU
		{8C0C4CAA-8B22-4A9F-868C-97D75EAFA0C4}.Debug|x86.Build.0 = Debug|Any CPU
		{8C0C4CAA-8B22-4A9F-868C-97D75EAFA0C4}.Release|Any CPU.ActiveCfg = Release|Any CPU
		{8C0C4CAA-8B22-4A9F-868C-97D75EAFA0C4}.Release|Any CPU.Build.0 = Release|Any CPU
		{8C0C4CAA-8B22-4A9F-868C-97D75EAFA0C4}.Release|x64.ActiveCfg = Release|Any CPU
		{8C0C4CAA-8B22-4A9F-868C-97D75EAFA0C4}.Release|x64.Build.0 = Release|Any CPU
		{8C0C4CAA-8B22-4A9F-868C-97D75EAFA0C4}.Release|x86.ActiveCfg = Release|Any CPU
		{8C0C4CAA-8B22-4A9F-868C-97D75EAFA0C4}.Release|x86.Build.0 = Release|Any CPU
	EndGlobalSection
	GlobalSection(SolutionProperties) = preSolution
		HideSolutionNode = FALSE
	EndGlobalSection
	GlobalSection(NestedProjects) = preSolution
		{F17E9788-F489-40B6-B501-93E816B8C7D7} = {11111111-1111-1111-1111-111111111111}
		{29B6D653-B3DE-4402-BCC8-2DE534F6643D} = {22222222-2222-2222-2222-222222222222}
		{5D719119-F5BC-41B8-8B81-2D9A91D7E6C5} = {11111111-1111-1111-1111-111111111111}
		{E39FA156-9A55-4F10-82F8-7FEBCB582C3B} = {22222222-2222-2222-2222-222222222222}
		{1AD33622-55F3-44D5-BE62-4134A9FC5421} = {11111111-1111-1111-1111-111111111111}
		{76C0B337-566D-476A-8797-A9250B722D92} = {22222222-2222-2222-2222-222222222222}
		{8F20180D-9887-40B8-B71B-6EA29BF0F7E7} = {11111111-1111-1111-1111-111111111111}
		{8C0C4CAA-8B22-4A9F-868C-97D75EAFA0C4} = {22222222-2222-2222-2222-222222222222}
	EndGlobalSection
EndGlobal
